
Microsoft Visual Studio Solution File, Format Version 12.00
Project("{2150E333-8FDC-42A3-9474-1A3956D46DE8}") = "Modules", "Modules", "{670C4BF3-F4C0-4D80-888B-C5E38E307911}"
EndProject
Project("{2150E333-8FDC-42A3-9474-1A3956D46DE8}") = "Core", "Core", "{53A7047C-0E7E-4C78-B649-8AF1CCCE256C}"
EndProject
Project("{FAE04EC0-301F-11D3-BF4B-00C04F79EFBC}") = "SaM.Start", "SaM.Start\SaM.Start.csproj", "{D0E5BFD3-A71B-440A-B50D-8B45112E8CEC}"
EndProject
Project("{2150E333-8FDC-42A3-9474-1A3956D46DE8}") = "Users", "Users", "{5C3C621E-D152-4427-BF87-CDF04F170B63}"
EndProject
Project("{FAE04EC0-301F-11D3-BF4B-00C04F79EFBC}") = "SaM.Modules.Users.Web", "Modules\Users\SaM.Modules.Users.Web\SaM.Modules.Users.Web.csproj", "{A4441B4C-978A-4491-A821-56C65A133003}"
EndProject
Project("{FAE04EC0-301F-11D3-BF4B-00C04F79EFBC}") = "SaM.Modules.Users.Infra", "Modules\Users\SaM.Modules.Users.Infra\SaM.Modules.Users.Infra.csproj", "{EAD9BB31-6E42-4475-9F5E-BD886284664F}"
EndProject
Project("{2150E333-8FDC-42A3-9474-1A3956D46DE8}") = "Students", "Students", "{35CF493C-07E8-4143-BB2E-8323B473C236}"
EndProject
Project("{2150E333-8FDC-42A3-9474-1A3956D46DE8}") = "Teachers", "Teachers", "{F8965631-3D33-4144-BE11-41335DDFA061}"
EndProject
Project("{2150E333-8FDC-42A3-9474-1A3956D46DE8}") = "Grades", "Grades", "{77390A42-5902-4D06-8E34-40CF8F2B2B63}"
EndProject
Project("{2150E333-8FDC-42A3-9474-1A3956D46DE8}") = "Exams", "Exams", "{0628465A-7DAC-4E3B-8661-4108D5AFAF40}"
EndProject
Project("{2150E333-8FDC-42A3-9474-1A3956D46DE8}") = "Database", "Database", "{3DFFCBBE-54E9-4B36-9C7A-475413D44175}"
EndProject
Project("{FAE04EC0-301F-11D3-BF4B-00C04F79EFBC}") = "SaM.Database.Migrations", "Database\SaM.Database.Migrations\SaM.Database.Migrations.csproj", "{FC971E7B-39AB-46D9-98CA-198EE3B454DD}"
EndProject
Project("{FAE04EC0-301F-11D3-BF4B-00C04F79EFBC}") = "SaM.Modules.Students.Web", "Modules\Students\SaM.Modules.Students.Web\SaM.Modules.Students.Web.csproj", "{4CC583B6-9599-4045-810E-6D18D2AAEBC8}"
EndProject
Project("{FAE04EC0-301F-11D3-BF4B-00C04F79EFBC}") = "SaM.Modules.Students.Infra", "Modules\Students\SaM.Modules.Students.Infra\SaM.Modules.Students.Infra.csproj", "{DBBCD10F-2876-4298-A036-9EF96C3D0E5F}"
EndProject
Project("{FAE04EC0-301F-11D3-BF4B-00C04F79EFBC}") = "SaM.Modules.Students.Domain", "Modules\Students\SaM.Modules.Students.Domain\SaM.Modules.Students.Domain.csproj", "{06B9D124-E2D5-4F94-A9F4-ABC8401F8CDC}"
EndProject
Project("{FAE04EC0-301F-11D3-BF4B-00C04F79EFBC}") = "SaM.Core.Abstractions", "Core\SaM.Core.Abstractions\SaM.Core.Abstractions.csproj", "{7240722C-DF2A-409C-AEE9-986248C73BE2}"
EndProject
Project("{FAE04EC0-301F-11D3-BF4B-00C04F79EFBC}") = "SaM.Modules.Users.Domain", "Modules\Users\SaM.Modules.Users.Domain\SaM.Modules.Users.Domain.csproj", "{3648D5AD-383C-4007-ABF2-32701E570723}"
EndProject
Project("{2150E333-8FDC-42A3-9474-1A3956D46DE8}") = "SolutionFolder", "SolutionFolder", "{B1D341F6-D46D-46AF-A74D-4F5B46FC84AE}"
	ProjectSection(SolutionItems) = preProject
		Directory.Packages.props = Directory.Packages.props
	EndProjectSection
EndProject
Project("{FAE04EC0-301F-11D3-BF4B-00C04F79EFBC}") = "SaM.Database.Core", "Database\SaM.Database.Core\SaM.Database.Core.csproj", "{0EE6F0F7-22D5-4509-BF82-3CA53C3CD444}"
EndProject
Project("{FAE04EC0-301F-11D3-BF4B-00C04F79EFBC}") = "SaM.Core.Exceptions", "Core\SaM.Core.Exceptions\SaM.Core.Exceptions.csproj", "{498FA6FF-5AB9-4BA8-9143-C9BAE9C87439}"
EndProject
Project("{FAE04EC0-301F-11D3-BF4B-00C04F79EFBC}") = "SaM.Modules.Exams.Domain", "Modules\Exams\SaM.Modules.Exams.Domain\SaM.Modules.Exams.Domain.csproj", "{1203DB5B-D26C-4572-9FD5-9AF5C9A64A56}"
EndProject
Project("{FAE04EC0-301F-11D3-BF4B-00C04F79EFBC}") = "SaM.Modules.Exams.Infra", "Modules\Exams\SaM.Modules.Exams.Infra\SaM.Modules.Exams.Infra.csproj", "{3C222A86-4DAA-4F85-A86F-12D21D22B784}"
EndProject
Project("{FAE04EC0-301F-11D3-BF4B-00C04F79EFBC}") = "SaM.Modules.Exams.Web", "Modules\Exams\SaM.Modules.Exams.Web\SaM.Modules.Exams.Web.csproj", "{3FAF9C2B-767D-4A23-B703-539A5058C6BB}"
EndProject
Project("{FAE04EC0-301F-11D3-BF4B-00C04F79EFBC}") = "SaM.Modules.Exams.Application", "Modules\Exams\SaM.Modules.Exams.Application\SaM.Modules.Exams.Application.csproj", "{4C91EC1C-4E2D-40D6-B48B-70CCDD2596DB}"
EndProject
Project("{FAE04EC0-301F-11D3-BF4B-00C04F79EFBC}") = "SaM.Modules.Students.Application", "Modules\Students\SaM.Modules.Students.Application\SaM.Modules.Students.Application.csproj", "{61D4B6EA-9A13-4154-9EC7-3F00968EC415}"
EndProject
Project("{FAE04EC0-301F-11D3-BF4B-00C04F79EFBC}") = "SaM.Modules.Teachers.Web", "Modules\Teachers\SaM.Modules.Teachers.Web\SaM.Modules.Teachers.Web.csproj", "{11DB0F62-E017-4B7C-B39D-1AFA219FA748}"
EndProject
Project("{FAE04EC0-301F-11D3-BF4B-00C04F79EFBC}") = "SaM.Modules.Teachers.Application", "Modules\Teachers\SaM.Modules.Teachers.Application\SaM.Modules.Teachers.Application.csproj", "{190C718D-BF33-4139-947C-54E4796A8126}"
EndProject
Project("{FAE04EC0-301F-11D3-BF4B-00C04F79EFBC}") = "SaM.Modules.Teachers.Domain", "Modules\Teachers\SaM.Modules.Teachers.Domain\SaM.Modules.Teachers.Domain.csproj", "{C3B4DDBF-1E22-41B7-ABD2-88E38457632D}"
EndProject
Project("{FAE04EC0-301F-11D3-BF4B-00C04F79EFBC}") = "SaM.Modules.Teachers.Infra", "Modules\Teachers\SaM.Modules.Teachers.Infra\SaM.Modules.Teachers.Infra.csproj", "{7A8ECB50-3261-47DA-9E47-13EF6946C14C}"
EndProject
Project("{FAE04EC0-301F-11D3-BF4B-00C04F79EFBC}") = "SaM.Core.Types", "Core\SaM.Core.Types\SaM.Core.Types.csproj", "{DC7C0C60-5719-404F-A802-61174E370A4F}"
EndProject
Project("{FAE04EC0-301F-11D3-BF4B-00C04F79EFBC}") = "SaM.Modules.Grades.Web", "Modules\Grades\SaM.Modules.Grades.Web\SaM.Modules.Grades.Web.csproj", "{E365A919-0ACB-4691-95C4-BB5DC75DFF95}"
EndProject
Project("{FAE04EC0-301F-11D3-BF4B-00C04F79EFBC}") = "SaM.Modules.Grades.Application", "Modules\Grades\SaM.Modules.Grades.Application\SaM.Modules.Grades.Application.csproj", "{CF85B417-000C-4B09-9DEF-6B8405745F7F}"
EndProject
Project("{FAE04EC0-301F-11D3-BF4B-00C04F79EFBC}") = "SaM.Modules.Grades.Infra", "Modules\Grades\SaM.Modules.Grades.Infra\SaM.Modules.Grades.Infra.csproj", "{18167E5C-295A-4978-9F5B-74ECABF6257A}"
EndProject
Project("{FAE04EC0-301F-11D3-BF4B-00C04F79EFBC}") = "SaM.Modules.Grades.Domain", "Modules\Grades\SaM.Modules.Grades.Domain\SaM.Modules.Grades.Domain.csproj", "{A1D81B9A-5D9E-4B6D-B158-F748D4891466}"
EndProject
Project("{FAE04EC0-301F-11D3-BF4B-00C04F79EFBC}") = "SaM.Modules.Users.Application", "Modules\Users\SaM.Modules.Users.Application\SaM.Modules.Users.Application.csproj", "{1664DAF1-4F7E-4A19-92E5-3FB52B6106AB}"
EndProject
Project("{FAE04EC0-301F-11D3-BF4B-00C04F79EFBC}") = "SaM.Modules.Exams.Ports", "Modules\Exams\SaM.Modules.Exams.Ports\SaM.Modules.Exams.Ports.csproj", "{F14463E6-AD58-40D5-A326-1313AF857AAD}"
EndProject
Project("{FAE04EC0-301F-11D3-BF4B-00C04F79EFBC}") = "SaM.Modules.Students.Ports", "Modules\Students\SaM.Modules.Students.Ports\SaM.Modules.Students.Ports.csproj", "{932D0A3F-0B92-40E7-8EDE-2C96FC55BAEB}"
EndProject
Project("{FAE04EC0-301F-11D3-BF4B-00C04F79EFBC}") = "SaM.Modules.Teachers.Ports", "Modules\Teachers\SaM.Modules.Teachers.Ports\SaM.Modules.Teachers.Ports.csproj", "{8F600809-9F8C-44A4-A1CB-869D1D11BA63}"
EndProject
Project("{FAE04EC0-301F-11D3-BF4B-00C04F79EFBC}") = "SaM.Modules.Users.Ports", "Modules\Users\SaM.Modules.Users.Ports\SaM.Modules.Users.Ports.csproj", "{1232553C-33A7-4B90-9C3E-D703721D75AD}"
EndProject
Project("{FAE04EC0-301F-11D3-BF4B-00C04F79EFBC}") = "SaM.Modules.Grades.Ports", "Modules\Grades\SaM.Modules.Grades.Ports\SaM.Modules.Grades.Ports.csproj", "{65BA56C0-4AEB-4FC2-8784-D1F3E31C8C12}"
EndProject
Project("{FAE04EC0-301F-11D3-BF4B-00C04F79EFBC}") = "SaM.Core.Middlewares", "Core\SaM.Core.Middlewares\SaM.Core.Middlewares.csproj", "{11330EB9-9616-49EC-8AC8-2C4E18FADFA0}"
EndProject
Project("{FAE04EC0-301F-11D3-BF4B-00C04F79EFBC}") = "SaM.Core.Abstractions.Tests", "Core\SaM.Core.Abstractions.Tests\SaM.Core.Abstractions.Tests.csproj", "{403AAEAA-ABB0-44B6-A09E-3131A9DDCCD7}"
EndProject
Project("{FAE04EC0-301F-11D3-BF4B-00C04F79EFBC}") = "SaM.Modules.Teachers.Domain.Tests", "Modules\Teachers\SaM.Modules.Teachers.Domain.Tests\SaM.Modules.Teachers.Domain.Tests.csproj", "{A8B389EE-02F1-487A-81F6-E83360B50112}"
EndProject
Project("{FAE04EC0-301F-11D3-BF4B-00C04F79EFBC}") = "SaM.Modules.Users.Domain.Tests", "Modules\Users\SaM.Modules.Users.Domain.Tests\SaM.Modules.Users.Domain.Tests.csproj", "{AF992C81-DD3F-4C2F-AA21-E847EEA06FA4}"
EndProject
Project("{FAE04EC0-301F-11D3-BF4B-00C04F79EFBC}") = "SaM.Modules.Students.Domain.Tests", "Modules\Students\SaM.Modules.Students.Domain.Tests\SaM.Modules.Students.Domain.Tests.csproj", "{B2851482-B0F8-4253-98B3-3708834F6B5E}"
EndProject
Project("{FAE04EC0-301F-11D3-BF4B-00C04F79EFBC}") = "SaM.Modules.Grades.Domain.Tests", "Modules\Grades\SaM.Modules.Grades.Domain.Tests\SaM.Modules.Grades.Domain.Tests.csproj", "{26EE0392-1ED5-417A-8A41-83CDB82955A7}"
EndProject
Project("{FAE04EC0-301F-11D3-BF4B-00C04F79EFBC}") = "SaM.Modules.Exams.Domain.Tests", "Modules\Exams\SaM.Modules.Exams.Domain.Tests\SaM.Modules.Exams.Domain.Tests.csproj", "{9CBDB00C-9E28-49B3-8216-8D75856944AC}"
EndProject
Global
	GlobalSection(SolutionConfigurationPlatforms) = preSolution
		Debug|Any CPU = Debug|Any CPU
		Release|Any CPU = Release|Any CPU
	EndGlobalSection
	GlobalSection(ProjectConfigurationPlatforms) = postSolution
		{D0E5BFD3-A71B-440A-B50D-8B45112E8CEC}.Debug|Any CPU.ActiveCfg = Debug|Any CPU
		{D0E5BFD3-A71B-440A-B50D-8B45112E8CEC}.Debug|Any CPU.Build.0 = Debug|Any CPU
		{D0E5BFD3-A71B-440A-B50D-8B45112E8CEC}.Release|Any CPU.ActiveCfg = Release|Any CPU
		{D0E5BFD3-A71B-440A-B50D-8B45112E8CEC}.Release|Any CPU.Build.0 = Release|Any CPU
		{A4441B4C-978A-4491-A821-56C65A133003}.Debug|Any CPU.ActiveCfg = Debug|Any CPU
		{A4441B4C-978A-4491-A821-56C65A133003}.Debug|Any CPU.Build.0 = Debug|Any CPU
		{A4441B4C-978A-4491-A821-56C65A133003}.Release|Any CPU.ActiveCfg = Release|Any CPU
		{A4441B4C-978A-4491-A821-56C65A133003}.Release|Any CPU.Build.0 = Release|Any CPU
		{EAD9BB31-6E42-4475-9F5E-BD886284664F}.Debug|Any CPU.ActiveCfg = Debug|Any CPU
		{EAD9BB31-6E42-4475-9F5E-BD886284664F}.Debug|Any CPU.Build.0 = Debug|Any CPU
		{EAD9BB31-6E42-4475-9F5E-BD886284664F}.Release|Any CPU.ActiveCfg = Release|Any CPU
		{EAD9BB31-6E42-4475-9F5E-BD886284664F}.Release|Any CPU.Build.0 = Release|Any CPU
		{FC971E7B-39AB-46D9-98CA-198EE3B454DD}.Debug|Any CPU.ActiveCfg = Debug|Any CPU
		{FC971E7B-39AB-46D9-98CA-198EE3B454DD}.Debug|Any CPU.Build.0 = Debug|Any CPU
		{FC971E7B-39AB-46D9-98CA-198EE3B454DD}.Release|Any CPU.ActiveCfg = Release|Any CPU
		{FC971E7B-39AB-46D9-98CA-198EE3B454DD}.Release|Any CPU.Build.0 = Release|Any CPU
		{4CC583B6-9599-4045-810E-6D18D2AAEBC8}.Debug|Any CPU.ActiveCfg = Debug|Any CPU
		{4CC583B6-9599-4045-810E-6D18D2AAEBC8}.Debug|Any CPU.Build.0 = Debug|Any CPU
		{4CC583B6-9599-4045-810E-6D18D2AAEBC8}.Release|Any CPU.ActiveCfg = Release|Any CPU
		{4CC583B6-9599-4045-810E-6D18D2AAEBC8}.Release|Any CPU.Build.0 = Release|Any CPU
		{DBBCD10F-2876-4298-A036-9EF96C3D0E5F}.Debug|Any CPU.ActiveCfg = Debug|Any CPU
		{DBBCD10F-2876-4298-A036-9EF96C3D0E5F}.Debug|Any CPU.Build.0 = Debug|Any CPU
		{DBBCD10F-2876-4298-A036-9EF96C3D0E5F}.Release|Any CPU.ActiveCfg = Release|Any CPU
		{DBBCD10F-2876-4298-A036-9EF96C3D0E5F}.Release|Any CPU.Build.0 = Release|Any CPU
		{06B9D124-E2D5-4F94-A9F4-ABC8401F8CDC}.Debug|Any CPU.ActiveCfg = Debug|Any CPU
		{06B9D124-E2D5-4F94-A9F4-ABC8401F8CDC}.Debug|Any CPU.Build.0 = Debug|Any CPU
		{06B9D124-E2D5-4F94-A9F4-ABC8401F8CDC}.Release|Any CPU.ActiveCfg = Release|Any CPU
		{06B9D124-E2D5-4F94-A9F4-ABC8401F8CDC}.Release|Any CPU.Build.0 = Release|Any CPU
		{7240722C-DF2A-409C-AEE9-986248C73BE2}.Debug|Any CPU.ActiveCfg = Debug|Any CPU
		{7240722C-DF2A-409C-AEE9-986248C73BE2}.Debug|Any CPU.Build.0 = Debug|Any CPU
		{7240722C-DF2A-409C-AEE9-986248C73BE2}.Release|Any CPU.ActiveCfg = Release|Any CPU
		{7240722C-DF2A-409C-AEE9-986248C73BE2}.Release|Any CPU.Build.0 = Release|Any CPU
		{3648D5AD-383C-4007-ABF2-32701E570723}.Debug|Any CPU.ActiveCfg = Debug|Any CPU
		{3648D5AD-383C-4007-ABF2-32701E570723}.Debug|Any CPU.Build.0 = Debug|Any CPU
		{3648D5AD-383C-4007-ABF2-32701E570723}.Release|Any CPU.ActiveCfg = Release|Any CPU
		{3648D5AD-383C-4007-ABF2-32701E570723}.Release|Any CPU.Build.0 = Release|Any CPU
		{0EE6F0F7-22D5-4509-BF82-3CA53C3CD444}.Debug|Any CPU.ActiveCfg = Debug|Any CPU
		{0EE6F0F7-22D5-4509-BF82-3CA53C3CD444}.Debug|Any CPU.Build.0 = Debug|Any CPU
		{0EE6F0F7-22D5-4509-BF82-3CA53C3CD444}.Release|Any CPU.ActiveCfg = Release|Any CPU
		{0EE6F0F7-22D5-4509-BF82-3CA53C3CD444}.Release|Any CPU.Build.0 = Release|Any CPU
		{498FA6FF-5AB9-4BA8-9143-C9BAE9C87439}.Debug|Any CPU.ActiveCfg = Debug|Any CPU
		{498FA6FF-5AB9-4BA8-9143-C9BAE9C87439}.Debug|Any CPU.Build.0 = Debug|Any CPU
		{498FA6FF-5AB9-4BA8-9143-C9BAE9C87439}.Release|Any CPU.ActiveCfg = Release|Any CPU
		{498FA6FF-5AB9-4BA8-9143-C9BAE9C87439}.Release|Any CPU.Build.0 = Release|Any CPU
		{1203DB5B-D26C-4572-9FD5-9AF5C9A64A56}.Debug|Any CPU.ActiveCfg = Debug|Any CPU
		{1203DB5B-D26C-4572-9FD5-9AF5C9A64A56}.Debug|Any CPU.Build.0 = Debug|Any CPU
		{1203DB5B-D26C-4572-9FD5-9AF5C9A64A56}.Release|Any CPU.ActiveCfg = Release|Any CPU
		{1203DB5B-D26C-4572-9FD5-9AF5C9A64A56}.Release|Any CPU.Build.0 = Release|Any CPU
		{3C222A86-4DAA-4F85-A86F-12D21D22B784}.Debug|Any CPU.ActiveCfg = Debug|Any CPU
		{3C222A86-4DAA-4F85-A86F-12D21D22B784}.Debug|Any CPU.Build.0 = Debug|Any CPU
		{3C222A86-4DAA-4F85-A86F-12D21D22B784}.Release|Any CPU.ActiveCfg = Release|Any CPU
		{3C222A86-4DAA-4F85-A86F-12D21D22B784}.Release|Any CPU.Build.0 = Release|Any CPU
		{3FAF9C2B-767D-4A23-B703-539A5058C6BB}.Debug|Any CPU.ActiveCfg = Debug|Any CPU
		{3FAF9C2B-767D-4A23-B703-539A5058C6BB}.Debug|Any CPU.Build.0 = Debug|Any CPU
		{3FAF9C2B-767D-4A23-B703-539A5058C6BB}.Release|Any CPU.ActiveCfg = Release|Any CPU
		{3FAF9C2B-767D-4A23-B703-539A5058C6BB}.Release|Any CPU.Build.0 = Release|Any CPU
		{4C91EC1C-4E2D-40D6-B48B-70CCDD2596DB}.Debug|Any CPU.ActiveCfg = Debug|Any CPU
		{4C91EC1C-4E2D-40D6-B48B-70CCDD2596DB}.Debug|Any CPU.Build.0 = Debug|Any CPU
		{4C91EC1C-4E2D-40D6-B48B-70CCDD2596DB}.Release|Any CPU.ActiveCfg = Release|Any CPU
		{4C91EC1C-4E2D-40D6-B48B-70CCDD2596DB}.Release|Any CPU.Build.0 = Release|Any CPU
		{61D4B6EA-9A13-4154-9EC7-3F00968EC415}.Debug|Any CPU.ActiveCfg = Debug|Any CPU
		{61D4B6EA-9A13-4154-9EC7-3F00968EC415}.Debug|Any CPU.Build.0 = Debug|Any CPU
		{61D4B6EA-9A13-4154-9EC7-3F00968EC415}.Release|Any CPU.ActiveCfg = Release|Any CPU
		{61D4B6EA-9A13-4154-9EC7-3F00968EC415}.Release|Any CPU.Build.0 = Release|Any CPU
		{11DB0F62-E017-4B7C-B39D-1AFA219FA748}.Debug|Any CPU.ActiveCfg = Debug|Any CPU
		{11DB0F62-E017-4B7C-B39D-1AFA219FA748}.Debug|Any CPU.Build.0 = Debug|Any CPU
		{11DB0F62-E017-4B7C-B39D-1AFA219FA748}.Release|Any CPU.ActiveCfg = Release|Any CPU
		{11DB0F62-E017-4B7C-B39D-1AFA219FA748}.Release|Any CPU.Build.0 = Release|Any CPU
		{190C718D-BF33-4139-947C-54E4796A8126}.Debug|Any CPU.ActiveCfg = Debug|Any CPU
		{190C718D-BF33-4139-947C-54E4796A8126}.Debug|Any CPU.Build.0 = Debug|Any CPU
		{190C718D-BF33-4139-947C-54E4796A8126}.Release|Any CPU.ActiveCfg = Release|Any CPU
		{190C718D-BF33-4139-947C-54E4796A8126}.Release|Any CPU.Build.0 = Release|Any CPU
		{C3B4DDBF-1E22-41B7-ABD2-88E38457632D}.Debug|Any CPU.ActiveCfg = Debug|Any CPU
		{C3B4DDBF-1E22-41B7-ABD2-88E38457632D}.Debug|Any CPU.Build.0 = Debug|Any CPU
		{C3B4DDBF-1E22-41B7-ABD2-88E38457632D}.Release|Any CPU.ActiveCfg = Release|Any CPU
		{C3B4DDBF-1E22-41B7-ABD2-88E38457632D}.Release|Any CPU.Build.0 = Release|Any CPU
		{7A8ECB50-3261-47DA-9E47-13EF6946C14C}.Debug|Any CPU.ActiveCfg = Debug|Any CPU
		{7A8ECB50-3261-47DA-9E47-13EF6946C14C}.Debug|Any CPU.Build.0 = Debug|Any CPU
		{7A8ECB50-3261-47DA-9E47-13EF6946C14C}.Release|Any CPU.ActiveCfg = Release|Any CPU
		{7A8ECB50-3261-47DA-9E47-13EF6946C14C}.Release|Any CPU.Build.0 = Release|Any CPU
		{DC7C0C60-5719-404F-A802-61174E370A4F}.Debug|Any CPU.ActiveCfg = Debug|Any CPU
		{DC7C0C60-5719-404F-A802-61174E370A4F}.Debug|Any CPU.Build.0 = Debug|Any CPU
		{DC7C0C60-5719-404F-A802-61174E370A4F}.Release|Any CPU.ActiveCfg = Release|Any CPU
		{DC7C0C60-5719-404F-A802-61174E370A4F}.Release|Any CPU.Build.0 = Release|Any CPU
		{E365A919-0ACB-4691-95C4-BB5DC75DFF95}.Debug|Any CPU.ActiveCfg = Debug|Any CPU
		{E365A919-0ACB-4691-95C4-BB5DC75DFF95}.Debug|Any CPU.Build.0 = Debug|Any CPU
		{E365A919-0ACB-4691-95C4-BB5DC75DFF95}.Release|Any CPU.ActiveCfg = Release|Any CPU
		{E365A919-0ACB-4691-95C4-BB5DC75DFF95}.Release|Any CPU.Build.0 = Release|Any CPU
		{CF85B417-000C-4B09-9DEF-6B8405745F7F}.Debug|Any CPU.ActiveCfg = Debug|Any CPU
		{CF85B417-000C-4B09-9DEF-6B8405745F7F}.Debug|Any CPU.Build.0 = Debug|Any CPU
		{CF85B417-000C-4B09-9DEF-6B8405745F7F}.Release|Any CPU.ActiveCfg = Release|Any CPU
		{CF85B417-000C-4B09-9DEF-6B8405745F7F}.Release|Any CPU.Build.0 = Release|Any CPU
		{18167E5C-295A-4978-9F5B-74ECABF6257A}.Debug|Any CPU.ActiveCfg = Debug|Any CPU
		{18167E5C-295A-4978-9F5B-74ECABF6257A}.Debug|Any CPU.Build.0 = Debug|Any CPU
		{18167E5C-295A-4978-9F5B-74ECABF6257A}.Release|Any CPU.ActiveCfg = Release|Any CPU
		{18167E5C-295A-4978-9F5B-74ECABF6257A}.Release|Any CPU.Build.0 = Release|Any CPU
		{A1D81B9A-5D9E-4B6D-B158-F748D4891466}.Debug|Any CPU.ActiveCfg = Debug|Any CPU
		{A1D81B9A-5D9E-4B6D-B158-F748D4891466}.Debug|Any CPU.Build.0 = Debug|Any CPU
		{A1D81B9A-5D9E-4B6D-B158-F748D4891466}.Release|Any CPU.ActiveCfg = Release|Any CPU
		{A1D81B9A-5D9E-4B6D-B158-F748D4891466}.Release|Any CPU.Build.0 = Release|Any CPU
		{1664DAF1-4F7E-4A19-92E5-3FB52B6106AB}.Debug|Any CPU.ActiveCfg = Debug|Any CPU
		{1664DAF1-4F7E-4A19-92E5-3FB52B6106AB}.Debug|Any CPU.Build.0 = Debug|Any CPU
		{1664DAF1-4F7E-4A19-92E5-3FB52B6106AB}.Release|Any CPU.ActiveCfg = Release|Any CPU
		{1664DAF1-4F7E-4A19-92E5-3FB52B6106AB}.Release|Any CPU.Build.0 = Release|Any CPU
		{F14463E6-AD58-40D5-A326-1313AF857AAD}.Debug|Any CPU.ActiveCfg = Debug|Any CPU
		{F14463E6-AD58-40D5-A326-1313AF857AAD}.Debug|Any CPU.Build.0 = Debug|Any CPU
		{F14463E6-AD58-40D5-A326-1313AF857AAD}.Release|Any CPU.ActiveCfg = Release|Any CPU
		{F14463E6-AD58-40D5-A326-1313AF857AAD}.Release|Any CPU.Build.0 = Release|Any CPU
		{932D0A3F-0B92-40E7-8EDE-2C96FC55BAEB}.Debug|Any CPU.ActiveCfg = Debug|Any CPU
		{932D0A3F-0B92-40E7-8EDE-2C96FC55BAEB}.Debug|Any CPU.Build.0 = Debug|Any CPU
		{932D0A3F-0B92-40E7-8EDE-2C96FC55BAEB}.Release|Any CPU.ActiveCfg = Release|Any CPU
		{932D0A3F-0B92-40E7-8EDE-2C96FC55BAEB}.Release|Any CPU.Build.0 = Release|Any CPU
		{8F600809-9F8C-44A4-A1CB-869D1D11BA63}.Debug|Any CPU.ActiveCfg = Debug|Any CPU
		{8F600809-9F8C-44A4-A1CB-869D1D11BA63}.Debug|Any CPU.Build.0 = Debug|Any CPU
		{8F600809-9F8C-44A4-A1CB-869D1D11BA63}.Release|Any CPU.ActiveCfg = Release|Any CPU
		{8F600809-9F8C-44A4-A1CB-869D1D11BA63}.Release|Any CPU.Build.0 = Release|Any CPU
		{1232553C-33A7-4B90-9C3E-D703721D75AD}.Debug|Any CPU.ActiveCfg = Debug|Any CPU
		{1232553C-33A7-4B90-9C3E-D703721D75AD}.Debug|Any CPU.Build.0 = Debug|Any CPU
		{1232553C-33A7-4B90-9C3E-D703721D75AD}.Release|Any CPU.ActiveCfg = Release|Any CPU
		{1232553C-33A7-4B90-9C3E-D703721D75AD}.Release|Any CPU.Build.0 = Release|Any CPU
		{65BA56C0-4AEB-4FC2-8784-D1F3E31C8C12}.Debug|Any CPU.ActiveCfg = Debug|Any CPU
		{65BA56C0-4AEB-4FC2-8784-D1F3E31C8C12}.Debug|Any CPU.Build.0 = Debug|Any CPU
		{65BA56C0-4AEB-4FC2-8784-D1F3E31C8C12}.Release|Any CPU.ActiveCfg = Release|Any CPU
		{65BA56C0-4AEB-4FC2-8784-D1F3E31C8C12}.Release|Any CPU.Build.0 = Release|Any CPU
		{11330EB9-9616-49EC-8AC8-2C4E18FADFA0}.Debug|Any CPU.ActiveCfg = Debug|Any CPU
		{11330EB9-9616-49EC-8AC8-2C4E18FADFA0}.Debug|Any CPU.Build.0 = Debug|Any CPU
		{11330EB9-9616-49EC-8AC8-2C4E18FADFA0}.Release|Any CPU.ActiveCfg = Release|Any CPU
		{11330EB9-9616-49EC-8AC8-2C4E18FADFA0}.Release|Any CPU.Build.0 = Release|Any CPU
		{403AAEAA-ABB0-44B6-A09E-3131A9DDCCD7}.Debug|Any CPU.ActiveCfg = Debug|Any CPU
		{403AAEAA-ABB0-44B6-A09E-3131A9DDCCD7}.Debug|Any CPU.Build.0 = Debug|Any CPU
		{403AAEAA-ABB0-44B6-A09E-3131A9DDCCD7}.Release|Any CPU.ActiveCfg = Release|Any CPU
		{403AAEAA-ABB0-44B6-A09E-3131A9DDCCD7}.Release|Any CPU.Build.0 = Release|Any CPU
		{A8B389EE-02F1-487A-81F6-E83360B50112}.Debug|Any CPU.ActiveCfg = Debug|Any CPU
		{A8B389EE-02F1-487A-81F6-E83360B50112}.Debug|Any CPU.Build.0 = Debug|Any CPU
		{A8B389EE-02F1-487A-81F6-E83360B50112}.Release|Any CPU.ActiveCfg = Release|Any CPU
		{A8B389EE-02F1-487A-81F6-E83360B50112}.Release|Any CPU.Build.0 = Release|Any CPU
		{AF992C81-DD3F-4C2F-AA21-E847EEA06FA4}.Debug|Any CPU.ActiveCfg = Debug|Any CPU
		{AF992C81-DD3F-4C2F-AA21-E847EEA06FA4}.Debug|Any CPU.Build.0 = Debug|Any CPU
		{AF992C81-DD3F-4C2F-AA21-E847EEA06FA4}.Release|Any CPU.ActiveCfg = Release|Any CPU
		{AF992C81-DD3F-4C2F-AA21-E847EEA06FA4}.Release|Any CPU.Build.0 = Release|Any CPU
		{B2851482-B0F8-4253-98B3-3708834F6B5E}.Debug|Any CPU.ActiveCfg = Debug|Any CPU
		{B2851482-B0F8-4253-98B3-3708834F6B5E}.Debug|Any CPU.Build.0 = Debug|Any CPU
		{B2851482-B0F8-4253-98B3-3708834F6B5E}.Release|Any CPU.ActiveCfg = Release|Any CPU
		{B2851482-B0F8-4253-98B3-3708834F6B5E}.Release|Any CPU.Build.0 = Release|Any CPU
		{26EE0392-1ED5-417A-8A41-83CDB82955A7}.Debug|Any CPU.ActiveCfg = Debug|Any CPU
		{26EE0392-1ED5-417A-8A41-83CDB82955A7}.Debug|Any CPU.Build.0 = Debug|Any CPU
		{26EE0392-1ED5-417A-8A41-83CDB82955A7}.Release|Any CPU.ActiveCfg = Release|Any CPU
		{26EE0392-1ED5-417A-8A41-83CDB82955A7}.Release|Any CPU.Build.0 = Release|Any CPU
		{9CBDB00C-9E28-49B3-8216-8D75856944AC}.Debug|Any CPU.ActiveCfg = Debug|Any CPU
		{9CBDB00C-9E28-49B3-8216-8D75856944AC}.Debug|Any CPU.Build.0 = Debug|Any CPU
		{9CBDB00C-9E28-49B3-8216-8D75856944AC}.Release|Any CPU.ActiveCfg = Release|Any CPU
		{9CBDB00C-9E28-49B3-8216-8D75856944AC}.Release|Any CPU.Build.0 = Release|Any CPU
	EndGlobalSection
	GlobalSection(NestedProjects) = preSolution
		{5C3C621E-D152-4427-BF87-CDF04F170B63} = {670C4BF3-F4C0-4D80-888B-C5E38E307911}
		{A4441B4C-978A-4491-A821-56C65A133003} = {5C3C621E-D152-4427-BF87-CDF04F170B63}
		{EAD9BB31-6E42-4475-9F5E-BD886284664F} = {5C3C621E-D152-4427-BF87-CDF04F170B63}
		{35CF493C-07E8-4143-BB2E-8323B473C236} = {670C4BF3-F4C0-4D80-888B-C5E38E307911}
		{F8965631-3D33-4144-BE11-41335DDFA061} = {670C4BF3-F4C0-4D80-888B-C5E38E307911}
		{77390A42-5902-4D06-8E34-40CF8F2B2B63} = {670C4BF3-F4C0-4D80-888B-C5E38E307911}
		{0628465A-7DAC-4E3B-8661-4108D5AFAF40} = {670C4BF3-F4C0-4D80-888B-C5E38E307911}
		{FC971E7B-39AB-46D9-98CA-198EE3B454DD} = {3DFFCBBE-54E9-4B36-9C7A-475413D44175}
		{4CC583B6-9599-4045-810E-6D18D2AAEBC8} = {35CF493C-07E8-4143-BB2E-8323B473C236}
		{DBBCD10F-2876-4298-A036-9EF96C3D0E5F} = {35CF493C-07E8-4143-BB2E-8323B473C236}
		{06B9D124-E2D5-4F94-A9F4-ABC8401F8CDC} = {35CF493C-07E8-4143-BB2E-8323B473C236}
		{7240722C-DF2A-409C-AEE9-986248C73BE2} = {53A7047C-0E7E-4C78-B649-8AF1CCCE256C}
		{3648D5AD-383C-4007-ABF2-32701E570723} = {5C3C621E-D152-4427-BF87-CDF04F170B63}
		{0EE6F0F7-22D5-4509-BF82-3CA53C3CD444} = {3DFFCBBE-54E9-4B36-9C7A-475413D44175}
		{498FA6FF-5AB9-4BA8-9143-C9BAE9C87439} = {53A7047C-0E7E-4C78-B649-8AF1CCCE256C}
		{1203DB5B-D26C-4572-9FD5-9AF5C9A64A56} = {0628465A-7DAC-4E3B-8661-4108D5AFAF40}
		{3C222A86-4DAA-4F85-A86F-12D21D22B784} = {0628465A-7DAC-4E3B-8661-4108D5AFAF40}
		{3FAF9C2B-767D-4A23-B703-539A5058C6BB} = {0628465A-7DAC-4E3B-8661-4108D5AFAF40}
		{4C91EC1C-4E2D-40D6-B48B-70CCDD2596DB} = {0628465A-7DAC-4E3B-8661-4108D5AFAF40}
		{61D4B6EA-9A13-4154-9EC7-3F00968EC415} = {35CF493C-07E8-4143-BB2E-8323B473C236}
		{11DB0F62-E017-4B7C-B39D-1AFA219FA748} = {F8965631-3D33-4144-BE11-41335DDFA061}
		{190C718D-BF33-4139-947C-54E4796A8126} = {F8965631-3D33-4144-BE11-41335DDFA061}
		{C3B4DDBF-1E22-41B7-ABD2-88E38457632D} = {F8965631-3D33-4144-BE11-41335DDFA061}
		{7A8ECB50-3261-47DA-9E47-13EF6946C14C} = {F8965631-3D33-4144-BE11-41335DDFA061}
		{DC7C0C60-5719-404F-A802-61174E370A4F} = {53A7047C-0E7E-4C78-B649-8AF1CCCE256C}
		{E365A919-0ACB-4691-95C4-BB5DC75DFF95} = {77390A42-5902-4D06-8E34-40CF8F2B2B63}
		{CF85B417-000C-4B09-9DEF-6B8405745F7F} = {77390A42-5902-4D06-8E34-40CF8F2B2B63}
		{18167E5C-295A-4978-9F5B-74ECABF6257A} = {77390A42-5902-4D06-8E34-40CF8F2B2B63}
		{A1D81B9A-5D9E-4B6D-B158-F748D4891466} = {77390A42-5902-4D06-8E34-40CF8F2B2B63}
		{1664DAF1-4F7E-4A19-92E5-3FB52B6106AB} = {5C3C621E-D152-4427-BF87-CDF04F170B63}
		{F14463E6-AD58-40D5-A326-1313AF857AAD} = {0628465A-7DAC-4E3B-8661-4108D5AFAF40}
		{932D0A3F-0B92-40E7-8EDE-2C96FC55BAEB} = {35CF493C-07E8-4143-BB2E-8323B473C236}
		{8F600809-9F8C-44A4-A1CB-869D1D11BA63} = {F8965631-3D33-4144-BE11-41335DDFA061}
		{1232553C-33A7-4B90-9C3E-D703721D75AD} = {5C3C621E-D152-4427-BF87-CDF04F170B63}
		{65BA56C0-4AEB-4FC2-8784-D1F3E31C8C12} = {77390A42-5902-4D06-8E34-40CF8F2B2B63}
		{11330EB9-9616-49EC-8AC8-2C4E18FADFA0} = {53A7047C-0E7E-4C78-B649-8AF1CCCE256C}
		{403AAEAA-ABB0-44B6-A09E-3131A9DDCCD7} = {53A7047C-0E7E-4C78-B649-8AF1CCCE256C}
		{A8B389EE-02F1-487A-81F6-E83360B50112} = {F8965631-3D33-4144-BE11-41335DDFA061}
		{AF992C81-DD3F-4C2F-AA21-E847EEA06FA4} = {5C3C621E-D152-4427-BF87-CDF04F170B63}
		{B2851482-B0F8-4253-98B3-3708834F6B5E} = {35CF493C-07E8-4143-BB2E-8323B473C236}
		{26EE0392-1ED5-417A-8A41-83CDB82955A7} = {77390A42-5902-4D06-8E34-40CF8F2B2B63}
		{9CBDB00C-9E28-49B3-8216-8D75856944AC} = {0628465A-7DAC-4E3B-8661-4108D5AFAF40}
	EndGlobalSection
EndGlobal
